// !$*UTF8*$!
{
	archiveVersion = 1;
	classes = {
	};
	objectVersion = 55;
	objects = {

/* Begin PBXBuildFile section */
		F64BE49F2A7EB4890094B033 /* AppDelegate.swift in Sources */ = {isa = PBXBuildFile; fileRef = F64BE49E2A7EB4890094B033 /* AppDelegate.swift */; };
		F64BE4A12A7EB4890094B033 /* SceneDelegate.swift in Sources */ = {isa = PBXBuildFile; fileRef = F64BE4A02A7EB4890094B033 /* SceneDelegate.swift */; };
		F64BE4A32A7EB4890094B033 /* ViewController.swift in Sources */ = {isa = PBXBuildFile; fileRef = F64BE4A22A7EB4890094B033 /* ViewController.swift */; };
		F64BE4A62A7EB4890094B033 /* Main.storyboard in Resources */ = {isa = PBXBuildFile; fileRef = F64BE4A42A7EB4890094B033 /* Main.storyboard */; };
		F64BE4A82A7EB48E0094B033 /* Assets.xcassets in Resources */ = {isa = PBXBuildFile; fileRef = F64BE4A72A7EB48E0094B033 /* Assets.xcassets */; };
		F64BE4AB2A7EB48E0094B033 /* LaunchScreen.storyboard in Resources */ = {isa = PBXBuildFile; fileRef = F64BE4A92A7EB48E0094B033 /* LaunchScreen.storyboard */; };
		F64BE4B62A7EB48E0094B033 /* IOSintroTests.swift in Sources */ = {isa = PBXBuildFile; fileRef = F64BE4B52A7EB48E0094B033 /* IOSintroTests.swift */; };
		F64BE4C02A7EB48E0094B033 /* IOSintroUITests.swift in Sources */ = {isa = PBXBuildFile; fileRef = F64BE4BF2A7EB48E0094B033 /* IOSintroUITests.swift */; };
		F64BE4C22A7EB48E0094B033 /* IOSintroUITestsLaunchTests.swift in Sources */ = {isa = PBXBuildFile; fileRef = F64BE4C12A7EB48E0094B033 /* IOSintroUITestsLaunchTests.swift */; };
/* End PBXBuildFile section */

/* Begin PBXContainerItemProxy section */
		F64BE4B22A7EB48E0094B033 /* PBXContainerItemProxy */ = {
			isa = PBXContainerItemProxy;
			containerPortal = F64BE4932A7EB4890094B033 /* Project object */;
			proxyType = 1;
			remoteGlobalIDString = F64BE49A2A7EB4890094B033;
			remoteInfo = IOSintro;
		};
		F64BE4BC2A7EB48E0094B033 /* PBXContainerItemProxy */ = {
			isa = PBXContainerItemProxy;
			containerPortal = F64BE4932A7EB4890094B033 /* Project object */;
			proxyType = 1;
			remoteGlobalIDString = F64BE49A2A7EB4890094B033;
			remoteInfo = IOSintro;
		};
/* End PBXContainerItemProxy section */

/* Begin PBXFileReference section */
		F64BE49B2A7EB4890094B033 /* IOSintro.app */ = {isa = PBXFileReference; explicitFileType = wrapper.application; includeInIndex = 0; path = IOSintro.app; sourceTree = BUILT_PRODUCTS_DIR; };
		F64BE49E2A7EB4890094B033 /* AppDelegate.swift */ = {isa = PBXFileReference; lastKnownFileType = sourcecode.swift; path = AppDelegate.swift; sourceTree = "<group>"; };
		F64BE4A02A7EB4890094B033 /* SceneDelegate.swift */ = {isa = PBXFileReference; lastKnownFileType = sourcecode.swift; path = SceneDelegate.swift; sourceTree = "<group>"; };
		F64BE4A22A7EB4890094B033 /* ViewController.swift */ = {isa = PBXFileReference; lastKnownFileType = sourcecode.swift; path = ViewController.swift; sourceTree = "<group>"; };
		F64BE4A52A7EB4890094B033 /* Base */ = {isa = PBXFileReference; lastKnownFileType = file.storyboard; name = Base; path = Base.lproj/Main.storyboard; sourceTree = "<group>"; };
		F64BE4A72A7EB48E0094B033 /* Assets.xcassets */ = {isa = PBXFileReference; lastKnownFileType = folder.assetcatalog; path = Assets.xcassets; sourceTree = "<group>"; };
		F64BE4AA2A7EB48E0094B033 /* Base */ = {isa = PBXFileReference; lastKnownFileType = file.storyboard; name = Base; path = Base.lproj/LaunchScreen.storyboard; sourceTree = "<group>"; };
		F64BE4AC2A7EB48E0094B033 /* Info.plist */ = {isa = PBXFileReference; lastKnownFileType = text.plist.xml; path = Info.plist; sourceTree = "<group>"; };
		F64BE4B12A7EB48E0094B033 /* IOSintroTests.xctest */ = {isa = PBXFileReference; explicitFileType = wrapper.cfbundle; includeInIndex = 0; path = IOSintroTests.xctest; sourceTree = BUILT_PRODUCTS_DIR; };
		F64BE4B52A7EB48E0094B033 /* IOSintroTests.swift */ = {isa = PBXFileReference; lastKnownFileType = sourcecode.swift; path = IOSintroTests.swift; sourceTree = "<group>"; };
		F64BE4BB2A7EB48E0094B033 /* IOSintroUITests.xctest */ = {isa = PBXFileReference; explicitFileType = wrapper.cfbundle; includeInIndex = 0; path = IOSintroUITests.xctest; sourceTree = BUILT_PRODUCTS_DIR; };
		F64BE4BF2A7EB48E0094B033 /* IOSintroUITests.swift */ = {isa = PBXFileReference; lastKnownFileType = sourcecode.swift; path = IOSintroUITests.swift; sourceTree = "<group>"; };
		F64BE4C12A7EB48E0094B033 /* IOSintroUITestsLaunchTests.swift */ = {isa = PBXFileReference; lastKnownFileType = sourcecode.swift; path = IOSintroUITestsLaunchTests.swift; sourceTree = "<group>"; };
/* End PBXFileReference section */

/* Begin PBXFrameworksBuildPhase section */
		F64BE4982A7EB4890094B033 /* Frameworks */ = {
			isa = PBXFrameworksBuildPhase;
			buildActionMask = 2147483647;
			files = (
			);
			runOnlyForDeploymentPostprocessing = 0;
		};
		F64BE4AE2A7EB48E0094B033 /* Frameworks */ = {
			isa = PBXFrameworksBuildPhase;
			buildActionMask = 2147483647;
			files = (
			);
			runOnlyForDeploymentPostprocessing = 0;
		};
		F64BE4B82A7EB48E0094B033 /* Frameworks */ = {
			isa = PBXFrameworksBuildPhase;
			buildActionMask = 2147483647;
			files = (
			);
			runOnlyForDeploymentPostprocessing = 0;
		};
/* End PBXFrameworksBuildPhase section */

/* Begin PBXGroup section */
		F64BE4922A7EB4890094B033 = {
			isa = PBXGroup;
			children = (
				F64BE49D2A7EB4890094B033 /* IOSintro */,
				F64BE4B42A7EB48E0094B033 /* IOSintroTests */,
				F64BE4BE2A7EB48E0094B033 /* IOSintroUITests */,
				F64BE49C2A7EB4890094B033 /* Products */,
			);
			sourceTree = "<group>";
		};
		F64BE49C2A7EB4890094B033 /* Products */ = {
			isa = PBXGroup;
			children = (
				F64BE49B2A7EB4890094B033 /* IOSintro.app */,
				F64BE4B12A7EB48E0094B033 /* IOSintroTests.xctest */,
				F64BE4BB2A7EB48E0094B033 /* IOSintroUITests.xctest */,
			);
			name = Products;
			sourceTree = "<group>";
		};
		F64BE49D2A7EB4890094B033 /* IOSintro */ = {
			isa = PBXGroup;
			children = (
				F64BE49E2A7EB4890094B033 /* AppDelegate.swift */,
				F64BE4A02A7EB4890094B033 /* SceneDelegate.swift */,
				F64BE4A22A7EB4890094B033 /* ViewController.swift */,
				F64BE4A42A7EB4890094B033 /* Main.storyboard */,
				F64BE4A72A7EB48E0094B033 /* Assets.xcassets */,
				F64BE4A92A7EB48E0094B033 /* LaunchScreen.storyboard */,
				F64BE4AC2A7EB48E0094B033 /* Info.plist */,
			);
			path = IOSintro;
			sourceTree = "<group>";
		};
		F64BE4B42A7EB48E0094B033 /* IOSintroTests */ = {
			isa = PBXGroup;
			children = (
				F64BE4B52A7EB48E0094B033 /* IOSintroTests.swift */,
			);
			path = IOSintroTests;
			sourceTree = "<group>";
		};
		F64BE4BE2A7EB48E0094B033 /* IOSintroUITests */ = {
			isa = PBXGroup;
			children = (
				F64BE4BF2A7EB48E0094B033 /* IOSintroUITests.swift */,
				F64BE4C12A7EB48E0094B033 /* IOSintroUITestsLaunchTests.swift */,
			);
			path = IOSintroUITests;
			sourceTree = "<group>";
		};
/* End PBXGroup section */

/* Begin PBXNativeTarget section */
		F64BE49A2A7EB4890094B033 /* IOSintro */ = {
			isa = PBXNativeTarget;
			buildConfigurationList = F64BE4C52A7EB48E0094B033 /* Build configuration list for PBXNativeTarget "IOSintro" */;
			buildPhases = (
				F64BE4972A7EB4890094B033 /* Sources */,
				F64BE4982A7EB4890094B033 /* Frameworks */,
				F64BE4992A7EB4890094B033 /* Resources */,
			);
			buildRules = (
			);
			dependencies = (
			);
			name = IOSintro;
			productName = IOSintro;
			productReference = F64BE49B2A7EB4890094B033 /* IOSintro.app */;
			productType = "com.apple.product-type.application";
		};
		F64BE4B02A7EB48E0094B033 /* IOSintroTests */ = {
			isa = PBXNativeTarget;
			buildConfigurationList = F64BE4C82A7EB48E0094B033 /* Build configuration list for PBXNativeTarget "IOSintroTests" */;
			buildPhases = (
				F64BE4AD2A7EB48E0094B033 /* Sources */,
				F64BE4AE2A7EB48E0094B033 /* Frameworks */,
				F64BE4AF2A7EB48E0094B033 /* Resources */,
			);
			buildRules = (
			);
			dependencies = (
				F64BE4B32A7EB48E0094B033 /* PBXTargetDependency */,
			);
			name = IOSintroTests;
			productName = IOSintroTests;
			productReference = F64BE4B12A7EB48E0094B033 /* IOSintroTests.xctest */;
			productType = "com.apple.product-type.bundle.unit-test";
		};
		F64BE4BA2A7EB48E0094B033 /* IOSintroUITests */ = {
			isa = PBXNativeTarget;
			buildConfigurationList = F64BE4CB2A7EB48E0094B033 /* Build configuration list for PBXNativeTarget "IOSintroUITests" */;
			buildPhases = (
				F64BE4B72A7EB48E0094B033 /* Sources */,
				F64BE4B82A7EB48E0094B033 /* Frameworks */,
				F64BE4B92A7EB48E0094B033 /* Resources */,
			);
			buildRules = (
			);
			dependencies = (
				F64BE4BD2A7EB48E0094B033 /* PBXTargetDependency */,
			);
			name = IOSintroUITests;
			productName = IOSintroUITests;
			productReference = F64BE4BB2A7EB48E0094B033 /* IOSintroUITests.xctest */;
			productType = "com.apple.product-type.bundle.ui-testing";
		};
/* End PBXNativeTarget section */

/* Begin PBXProject section */
		F64BE4932A7EB4890094B033 /* Project object */ = {
			isa = PBXProject;
			attributes = {
				BuildIndependentTargetsInParallel = 1;
				LastSwiftUpdateCheck = 1340;
				LastUpgradeCheck = 1340;
				TargetAttributes = {
					F64BE49A2A7EB4890094B033 = {
						CreatedOnToolsVersion = 13.4.1;
					};
					F64BE4B02A7EB48E0094B033 = {
						CreatedOnToolsVersion = 13.4.1;
						TestTargetID = F64BE49A2A7EB4890094B033;
					};
					F64BE4BA2A7EB48E0094B033 = {
						CreatedOnToolsVersion = 13.4.1;
						TestTargetID = F64BE49A2A7EB4890094B033;
					};
				};
			};
			buildConfigurationList = F64BE4962A7EB4890094B033 /* Build configuration list for PBXProject "IOSintro" */;
			compatibilityVersion = "Xcode 13.0";
			developmentRegion = en;
			hasScannedForEncodings = 0;
			knownRegions = (
				en,
				Base,
			);
			mainGroup = F64BE4922A7EB4890094B033;
			productRefGroup = F64BE49C2A7EB4890094B033 /* Products */;
			projectDirPath = "";
			projectRoot = "";
			targets = (
				F64BE49A2A7EB4890094B033 /* IOSintro */,
				F64BE4B02A7EB48E0094B033 /* IOSintroTests */,
				F64BE4BA2A7EB48E0094B033 /* IOSintroUITests */,
			);
		};
/* End PBXProject section */

/* Begin PBXResourcesBuildPhase section */
		F64BE4992A7EB4890094B033 /* Resources */ = {
			isa = PBXResourcesBuildPhase;
			buildActionMask = 2147483647;
			files = (
				F64BE4AB2A7EB48E0094B033 /* LaunchScreen.storyboard in Resources */,
				F64BE4A82A7EB48E0094B033 /* Assets.xcassets in Resources */,
				F64BE4A62A7EB4890094B033 /* Main.storyboard in Resources */,
			);
			runOnlyForDeploymentPostprocessing = 0;
		};
		F64BE4AF2A7EB48E0094B033 /* Resources */ = {
			isa = PBXResourcesBuildPhase;
			buildActionMask = 2147483647;
			files = (
			);
			runOnlyForDeploymentPostprocessing = 0;
		};
		F64BE4B92A7EB48E0094B033 /* Resources */ = {
			isa = PBXResourcesBuildPhase;
			buildActionMask = 2147483647;
			files = (
			);
			runOnlyForDeploymentPostprocessing = 0;
		};
/* End PBXResourcesBuildPhase section */

/* Begin PBXSourcesBuildPhase section */
		F64BE4972A7EB4890094B033 /* Sources */ = {
			isa = PBXSourcesBuildPhase;
			buildActionMask = 2147483647;
			files = (
				F64BE4A32A7EB4890094B033 /* ViewController.swift in Sources */,
				F64BE49F2A7EB4890094B033 /* AppDelegate.swift in Sources */,
				F64BE4A12A7EB4890094B033 /* SceneDelegate.swift in Sources */,
			);
			runOnlyForDeploymentPostprocessing = 0;
		};
		F64BE4AD2A7EB48E0094B033 /* Sources */ = {
			isa = PBXSourcesBuildPhase;
			buildActionMask = 2147483647;
			files = (
				F64BE4B62A7EB48E0094B033 /* IOSintroTests.swift in Sources */,
			);
			runOnlyForDeploymentPostprocessing = 0;
		};
		F64BE4B72A7EB48E0094B033 /* Sources */ = {
			isa = PBXSourcesBuildPhase;
			buildActionMask = 2147483647;
			files = (
				F64BE4C22A7EB48E0094B033 /* IOSintroUITestsLaunchTests.swift in Sources */,
				F64BE4C02A7EB48E0094B033 /* IOSintroUITests.swift in Sources */,
			);
			runOnlyForDeploymentPostprocessing = 0;
		};
/* End PBXSourcesBuildPhase section */

/* Begin PBXTargetDependency section */
		F64BE4B32A7EB48E0094B033 /* PBXTargetDependency */ = {
			isa = PBXTargetDependency;
			target = F64BE49A2A7EB4890094B033 /* IOSintro */;
			targetProxy = F64BE4B22A7EB48E0094B033 /* PBXContainerItemProxy */;
		};
		F64BE4BD2A7EB48E0094B033 /* PBXTargetDependency */ = {
			isa = PBXTargetDependency;
			target = F64BE49A2A7EB4890094B033 /* IOSintro */;
			targetProxy = F64BE4BC2A7EB48E0094B033 /* PBXContainerItemProxy */;
		};
/* End PBXTargetDependency section */

/* Begin PBXVariantGroup section */
		F64BE4A42A7EB4890094B033 /* Main.storyboard */ = {
			isa = PBXVariantGroup;
			children = (
				F64BE4A52A7EB4890094B033 /* Base */,
			);
			name = Main.storyboard;
			sourceTree = "<group>";
		};
		F64BE4A92A7EB48E0094B033 /* LaunchScreen.storyboard */ = {
			isa = PBXVariantGroup;
			children = (
				F64BE4AA2A7EB48E0094B033 /* Base */,
			);
			name = LaunchScreen.storyboard;
			sourceTree = "<group>";
		};
/* End PBXVariantGroup section */

/* Begin XCBuildConfiguration section */
		F64BE4C32A7EB48E0094B033 /* Debug */ = {
			isa = XCBuildConfiguration;
			buildSettings = {
				ALWAYS_SEARCH_USER_PATHS = NO;
				CLANG_ANALYZER_NONNULL = YES;
				CLANG_ANALYZER_NUMBER_OBJECT_CONVERSION = YES_AGGRESSIVE;
				CLANG_CXX_LANGUAGE_STANDARD = "gnu++17";
				CLANG_ENABLE_MODULES = YES;
				CLANG_ENABLE_OBJC_ARC = YES;
				CLANG_ENABLE_OBJC_WEAK = YES;
				CLANG_WARN_BLOCK_CAPTURE_AUTORELEASING = YES;
				CLANG_WARN_BOOL_CONVERSION = YES;
				CLANG_WARN_COMMA = YES;
				CLANG_WARN_CONSTANT_CONVERSION = YES;
				CLANG_WARN_DEPRECATED_OBJC_IMPLEMENTATIONS = YES;
				CLANG_WARN_DIRECT_OBJC_ISA_USAGE = YES_ERROR;
				CLANG_WARN_DOCUMENTATION_COMMENTS = YES;
				CLANG_WARN_EMPTY_BODY = YES;
				CLANG_WARN_ENUM_CONVERSION = YES;
				CLANG_WARN_INFINITE_RECURSION = YES;
				CLANG_WARN_INT_CONVERSION = YES;
				CLANG_WARN_NON_LITERAL_NULL_CONVERSION = YES;
				CLANG_WARN_OBJC_IMPLICIT_RETAIN_SELF = YES;
				CLANG_WARN_OBJC_LITERAL_CONVERSION = YES;
				CLANG_WARN_OBJC_ROOT_CLASS = YES_ERROR;
				CLANG_WARN_QUOTED_INCLUDE_IN_FRAMEWORK_HEADER = YES;
				CLANG_WARN_RANGE_LOOP_ANALYSIS = YES;
				CLANG_WARN_STRICT_PROTOTYPES = YES;
				CLANG_WARN_SUSPICIOUS_MOVE = YES;
				CLANG_WARN_UNGUARDED_AVAILABILITY = YES_AGGRESSIVE;
				CLANG_WARN_UNREACHABLE_CODE = YES;
				CLANG_WARN__DUPLICATE_METHOD_MATCH = YES;
				COPY_PHASE_STRIP = NO;
				DEBUG_INFORMATION_FORMAT = dwarf;
				ENABLE_STRICT_OBJC_MSGSEND = YES;
				ENABLE_TESTABILITY = YES;
				GCC_C_LANGUAGE_STANDARD = gnu11;
				GCC_DYNAMIC_NO_PIC = NO;
				GCC_NO_COMMON_BLOCKS = YES;
				GCC_OPTIMIZATION_LEVEL = 0;
				GCC_PREPROCESSOR_DEFINITIONS = (
					"DEBUG=1",
					"$(inherited)",
				);
				GCC_WARN_64_TO_32_BIT_CONVERSION = YES;
				GCC_WARN_ABOUT_RETURN_TYPE = YES_ERROR;
				GCC_WARN_UNDECLARED_SELECTOR = YES;
				GCC_WARN_UNINITIALIZED_AUTOS = YES_AGGRESSIVE;
				GCC_WARN_UNUSED_FUNCTION = YES;
				GCC_WARN_UNUSED_VARIABLE = YES;
				IPHONEOS_DEPLOYMENT_TARGET = 15.5;
				MTL_ENABLE_DEBUG_INFO = INCLUDE_SOURCE;
				MTL_FAST_MATH = YES;
				ONLY_ACTIVE_ARCH = YES;
				SDKROOT = iphoneos;
				SWIFT_ACTIVE_COMPILATION_CONDITIONS = DEBUG;
				SWIFT_OPTIMIZATION_LEVEL = "-Onone";
			};
			name = Debug;
		};
		F64BE4C42A7EB48E0094B033 /* Release */ = {
			isa = XCBuildConfiguration;
			buildSettings = {
				ALWAYS_SEARCH_USER_PATHS = NO;
				CLANG_ANALYZER_NONNULL = YES;
				CLANG_ANALYZER_NUMBER_OBJECT_CONVERSION = YES_AGGRESSIVE;
				CLANG_CXX_LANGUAGE_STANDARD = "gnu++17";
				CLANG_ENABLE_MODULES = YES;
				CLANG_ENABLE_OBJC_ARC = YES;
				CLANG_ENABLE_OBJC_WEAK = YES;
				CLANG_WARN_BLOCK_CAPTURE_AUTORELEASING = YES;
				CLANG_WARN_BOOL_CONVERSION = YES;
				CLANG_WARN_COMMA = YES;
				CLANG_WARN_CONSTANT_CONVERSION = YES;
				CLANG_WARN_DEPRECATED_OBJC_IMPLEMENTATIONS = YES;
				CLANG_WARN_DIRECT_OBJC_ISA_USAGE = YES_ERROR;
				CLANG_WARN_DOCUMENTATION_COMMENTS = YES;
				CLANG_WARN_EMPTY_BODY = YES;
				CLANG_WARN_ENUM_CONVERSION = YES;
				CLANG_WARN_INFINITE_RECURSION = YES;
				CLANG_WARN_INT_CONVERSION = YES;
				CLANG_WARN_NON_LITERAL_NULL_CONVERSION = YES;
				CLANG_WARN_OBJC_IMPLICIT_RETAIN_SELF = YES;
				CLANG_WARN_OBJC_LITERAL_CONVERSION = YES;
				CLANG_WARN_OBJC_ROOT_CLASS = YES_ERROR;
				CLANG_WARN_QUOTED_INCLUDE_IN_FRAMEWORK_HEADER = YES;
				CLANG_WARN_RANGE_LOOP_ANALYSIS = YES;
				CLANG_WARN_STRICT_PROTOTYPES = YES;
				CLANG_WARN_SUSPICIOUS_MOVE = YES;
				CLANG_WARN_UNGUARDED_AVAILABILITY = YES_AGGRESSIVE;
				CLANG_WARN_UNREACHABLE_CODE = YES;
				CLANG_WARN__DUPLICATE_METHOD_MATCH = YES;
				COPY_PHASE_STRIP = NO;
				DEBUG_INFORMATION_FORMAT = "dwarf-with-dsym";
				ENABLE_NS_ASSERTIONS = NO;
				ENABLE_STRICT_OBJC_MSGSEND = YES;
				GCC_C_LANGUAGE_STANDARD = gnu11;
				GCC_NO_COMMON_BLOCKS = YES;
				GCC_WARN_64_TO_32_BIT_CONVERSION = YES;
				GCC_WARN_ABOUT_RETURN_TYPE = YES_ERROR;
				GCC_WARN_UNDECLARED_SELECTOR = YES;
				GCC_WARN_UNINITIALIZED_AUTOS = YES_AGGRESSIVE;
				GCC_WARN_UNUSED_FUNCTION = YES;
				GCC_WARN_UNUSED_VARIABLE = YES;
				IPHONEOS_DEPLOYMENT_TARGET = 15.5;
				MTL_ENABLE_DEBUG_INFO = NO;
				MTL_FAST_MATH = YES;
				SDKROOT = iphoneos;
				SWIFT_COMPILATION_MODE = wholemodule;
				SWIFT_OPTIMIZATION_LEVEL = "-O";
				VALIDATE_PRODUCT = YES;
			};
			name = Release;
		};
		F64BE4C62A7EB48E0094B033 /* Debug */ = {
			isa = XCBuildConfiguration;
			buildSettings = {
				ASSETCATALOG_COMPILER_APPICON_NAME = AppIcon;
				ASSETCATALOG_COMPILER_GLOBAL_ACCENT_COLOR_NAME = AccentColor;
				CODE_SIGN_STYLE = Automatic;
				CURRENT_PROJECT_VERSION = 1;
				GENERATE_INFOPLIST_FILE = YES;
				INFOPLIST_FILE = IOSintro/Info.plist;
				INFOPLIST_KEY_UIApplicationSupportsIndirectInputEvents = YES;
				INFOPLIST_KEY_UILaunchStoryboardName = LaunchScreen;
				INFOPLIST_KEY_UIMainStoryboardFile = Main;
				INFOPLIST_KEY_UISupportedInterfaceOrientations_iPad = "UIInterfaceOrientationPortrait UIInterfaceOrientationPortraitUpsideDown UIInterfaceOrientationLandscapeLeft UIInterfaceOrientationLandscapeRight";
				INFOPLIST_KEY_UISupportedInterfaceOrientations_iPhone = "UIInterfaceOrientationPortrait UIInterfaceOrientationLandscapeLeft UIInterfaceOrientationLandscapeRight";
				LD_RUNPATH_SEARCH_PATHS = (
					"$(inherited)",
					"@executable_path/Frameworks",
				);
				MARKETING_VERSION = 1.0;
				PRODUCT_BUNDLE_IDENTIFIER = com.mesomascode.IOSintro;
				PRODUCT_NAME = "$(TARGET_NAME)";
				SWIFT_EMIT_LOC_STRINGS = YES;
				SWIFT_VERSION = 5.0;
				TARGETED_DEVICE_FAMILY = "1,2";
			};
			name = Debug;
		};
		F64BE4C72A7EB48E0094B033 /* Release */ = {
			isa = XCBuildConfiguration;
			buildSettings = {
				ASSETCATALOG_COMPILER_APPICON_NAME = AppIcon;
				ASSETCATALOG_COMPILER_GLOBAL_ACCENT_COLOR_NAME = AccentColor;
				CODE_SIGN_STYLE = Automatic;
				CURRENT_PROJECT_VERSION = 1;
				GENERATE_INFOPLIST_FILE = YES;
				INFOPLIST_FILE = IOSintro/Info.plist;
				INFOPLIST_KEY_UIApplicationSupportsIndirectInputEvents = YES;
				INFOPLIST_KEY_UILaunchStoryboardName = LaunchScreen;
				INFOPLIST_KEY_UIMainStoryboardFile = Main;
				INFOPLIST_KEY_UISupportedInterfaceOrientations_iPad = "UIInterfaceOrientationPortrait UIInterfaceOrientationPortraitUpsideDown UIInterfaceOrientationLandscapeLeft UIInterfaceOrientationLandscapeRight";
				INFOPLIST_KEY_UISupportedInterfaceOrientations_iPhone = "UIInterfaceOrientationPortrait UIInterfaceOrientationLandscapeLeft UIInterfaceOrientationLandscapeRight";
				LD_RUNPATH_SEARCH_PATHS = (
					"$(inherited)",
					"@executable_path/Frameworks",
				);
				MARKETING_VERSION = 1.0;
				PRODUCT_BUNDLE_IDENTIFIER = com.mesomascode.IOSintro;
				PRODUCT_NAME = "$(TARGET_NAME)";
				SWIFT_EMIT_LOC_STRINGS = YES;
				SWIFT_VERSION = 5.0;
				TARGETED_DEVICE_FAMILY = "1,2";
			};
			name = Release;
		};
		F64BE4C92A7EB48E0094B033 /* Debug */ = {
			isa = XCBuildConfiguration;
			buildSettings = {
				ALWAYS_EMBED_SWIFT_STANDARD_LIBRARIES = YES;
				BUNDLE_LOADER = "$(TEST_HOST)";
				CODE_SIGN_STYLE = Automatic;
				CURRENT_PROJECT_VERSION = 1;
				GENERATE_INFOPLIST_FILE = YES;
				IPHONEOS_DEPLOYMENT_TARGET = 15.5;
				MARKETING_VERSION = 1.0;
				PRODUCT_BUNDLE_IDENTIFIER = com.mesomascode.IOSintroTests;
				PRODUCT_NAME = "$(TARGET_NAME)";
				SWIFT_EMIT_LOC_STRINGS = NO;
				SWIFT_VERSION = 5.0;
				TARGETED_DEVICE_FAMILY = "1,2";
				TEST_HOST = "$(BUILT_PRODUCTS_DIR)/IOSintro.app/IOSintro";
			};
			name = Debug;
		};
		F64BE4CA2A7EB48E0094B033 /* Release */ = {
			isa = XCBuildConfiguration;
			buildSettings = {
				ALWAYS_EMBED_SWIFT_STANDARD_LIBRARIES = YES;
				BUNDLE_LOADER = "$(TEST_HOST)";
				CODE_SIGN_STYLE = Automatic;
				CURRENT_PROJECT_VERSION = 1;
				GENERATE_INFOPLIST_FILE = YES;
				IPHONEOS_DEPLOYMENT_TARGET = 15.5;
				MARKETING_VERSION = 1.0;
				PRODUCT_BUNDLE_IDENTIFIER = com.mesomascode.IOSintroTests;
				PRODUCT_NAME = "$(TARGET_NAME)";
				SWIFT_EMIT_LOC_STRINGS = NO;
				SWIFT_VERSION = 5.0;
				TARGETED_DEVICE_FAMILY = "1,2";
				TEST_HOST = "$(BUILT_PRODUCTS_DIR)/IOSintro.app/IOSintro";
			};
			name = Release;
		};
		F64BE4CC2A7EB48E0094B033 /* Debug */ = {
			isa = XCBuildConfiguration;
			buildSettings = {
				ALWAYS_EMBED_SWIFT_STANDARD_LIBRARIES = YES;
				CODE_SIGN_STYLE = Automatic;
				CURRENT_PROJECT_VERSION = 1;
				GENERATE_INFOPLIST_FILE = YES;
				MARKETING_VERSION = 1.0;
				PRODUCT_BUNDLE_IDENTIFIER = com.mesomascode.IOSintroUITests;
				PRODUCT_NAME = "$(TARGET_NAME)";
				SWIFT_EMIT_LOC_STRINGS = NO;
				SWIFT_VERSION = 5.0;
				TARGETED_DEVICE_FAMILY = "1,2";
				TEST_TARGET_NAME = IOSintro;
			};
			name = Debug;
		};
		F64BE4CD2A7EB48E0094B033 /* Release */ = {
			isa = XCBuildConfiguration;
			buildSettings = {
				ALWAYS_EMBED_SWIFT_STANDARD_LIBRARIES = YES;
				CODE_SIGN_STYLE = Automatic;
				CURRENT_PROJECT_VERSION = 1;
				GENERATE_INFOPLIST_FILE = YES;
				MARKETING_VERSION = 1.0;
				PRODUCT_BUNDLE_IDENTIFIER = com.mesomascode.IOSintroUITests;
				PRODUCT_NAME = "$(TARGET_NAME)";
				SWIFT_EMIT_LOC_STRINGS = NO;
				SWIFT_VERSION = 5.0;
				TARGETED_DEVICE_FAMILY = "1,2";
				TEST_TARGET_NAME = IOSintro;
			};
			name = Release;
		};
/* End XCBuildConfiguration section */

/* Begin XCConfigurationList section */
		F64BE4962A7EB4890094B033 /* Build configuration list for PBXProject "IOSintro" */ = {
			isa = XCConfigurationList;
			buildConfigurations = (
				F64BE4C32A7EB48E0094B033 /* Debug */,
				F64BE4C42A7EB48E0094B033 /* Release */,
			);
			defaultConfigurationIsVisible = 0;
			defaultConfigurationName = Release;
		};
		F64BE4C52A7EB48E0094B033 /* Build configuration list for PBXNativeTarget "IOSintro" */ = {
			isa = XCConfigurationList;
			buildConfigurations = (
				F64BE4C62A7EB48E0094B033 /* Debug */,
				F64BE4C72A7EB48E0094B033 /* Release */,
			);
			defaultConfigurationIsVisible = 0;
			defaultConfigurationName = Release;
		};
		F64BE4C82A7EB48E0094B033 /* Build configuration list for PBXNativeTarget "IOSintroTests" */ = {
			isa = XCConfigurationList;
			buildConfigurations = (
				F64BE4C92A7EB48E0094B033 /* Debug */,
				F64BE4CA2A7EB48E0094B033 /* Release */,
			);
			defaultConfigurationIsVisible = 0;
			defaultConfigurationName = Release;
		};
		F64BE4CB2A7EB48E0094B033 /* Build configuration list for PBXNativeTarget "IOSintroUITests" */ = {
			isa = XCConfigurationList;
			buildConfigurations = (
				F64BE4CC2A7EB48E0094B033 /* Debug */,
				F64BE4CD2A7EB48E0094B033 /* Release */,
			);
			defaultConfigurationIsVisible = 0;
			defaultConfigurationName = Release;
		};
/* End XCConfigurationList section */
	};
	rootObject = F64BE4932A7EB4890094B033 /* Project object */;
}
